// !$*UTF8*$!
{
	archiveVersion = 1;
	classes = {
	};
	objectVersion = 51;
	objects = {

/* Begin PBXBuildFile section */
		132F50B0273EACF000B24FDC /* myStrings.strings in Resources */ = {isa = PBXBuildFile; fileRef = 132F50AE273EACF000B24FDC /* myStrings.strings */; };
		136752F727144FD800ADC62C /* AppDelegate.swift in Sources */ = {isa = PBXBuildFile; fileRef = 136752F627144FD800ADC62C /* AppDelegate.swift */; };
		136752FB27144FD800ADC62C /* MainViewController.swift in Sources */ = {isa = PBXBuildFile; fileRef = 136752FA27144FD800ADC62C /* MainViewController.swift */; };
		1367530027144FDE00ADC62C /* Assets.xcassets in Resources */ = {isa = PBXBuildFile; fileRef = 136752FF27144FDE00ADC62C /* Assets.xcassets */; };
		1367530327144FDE00ADC62C /* LaunchScreen.storyboard in Resources */ = {isa = PBXBuildFile; fileRef = 1367530127144FDE00ADC62C /* LaunchScreen.storyboard */; };
		1372443D27180CA8007A08E9 /* SettingsViewController.swift in Sources */ = {isa = PBXBuildFile; fileRef = 1372443C27180CA8007A08E9 /* SettingsViewController.swift */; };
		1372444027182402007A08E9 /* NetworkManager.swift in Sources */ = {isa = PBXBuildFile; fileRef = 1372443F27182402007A08E9 /* NetworkManager.swift */; };
		1372444227182838007A08E9 /* DecodedData.swift in Sources */ = {isa = PBXBuildFile; fileRef = 1372444127182838007A08E9 /* DecodedData.swift */; };
		13894E67273EB067000EA2C5 /* MagicEightBall.xcworkspace in Resources */ = {isa = PBXBuildFile; fileRef = 13894E64273EB067000EA2C5 /* MagicEightBall.xcworkspace */; };
		13894E68273EB067000EA2C5 /* Strings.swift in Sources */ = {isa = PBXBuildFile; fileRef = 13894E65273EB067000EA2C5 /* Strings.swift */; };
		13894E69273EB067000EA2C5 /* Assets.swift in Sources */ = {isa = PBXBuildFile; fileRef = 13894E66273EB067000EA2C5 /* Assets.swift */; };
		13894E70273FEDC5000EA2C5 /* CustomViewForMainVC.swift in Sources */ = {isa = PBXBuildFile; fileRef = 13894E6F273FEDC5000EA2C5 /* CustomViewForMainVC.swift */; };
		138A905E27452DCF00424EA3 /* MainModel.swift in Sources */ = {isa = PBXBuildFile; fileRef = 138A905D27452DCF00424EA3 /* MainModel.swift */; };
		138A906027452E2700424EA3 /* SettingsModel.swift in Sources */ = {isa = PBXBuildFile; fileRef = 138A905F27452E2700424EA3 /* SettingsModel.swift */; };
		138A90682745301C00424EA3 /* MainViewModelType.swift in Sources */ = {isa = PBXBuildFile; fileRef = 138A90632745301C00424EA3 /* MainViewModelType.swift */; };
		138A90692745301C00424EA3 /* StorageServiceProtocol.swift in Sources */ = {isa = PBXBuildFile; fileRef = 138A90642745301C00424EA3 /* StorageServiceProtocol.swift */; };
		138A906A2745301C00424EA3 /* NetworkServiceType.swift in Sources */ = {isa = PBXBuildFile; fileRef = 138A90652745301C00424EA3 /* NetworkServiceType.swift */; };
		138A906B2745301C00424EA3 /* SettingsViewModelType.swift in Sources */ = {isa = PBXBuildFile; fileRef = 138A90662745301C00424EA3 /* SettingsViewModelType.swift */; };
		138A906C2745301C00424EA3 /* GetAnswerFromDBProtocol.swift in Sources */ = {isa = PBXBuildFile; fileRef = 138A90672745301C00424EA3 /* GetAnswerFromDBProtocol.swift */; };
		138A906E274533F200424EA3 /* MainModelType.swift in Sources */ = {isa = PBXBuildFile; fileRef = 138A906D274533F200424EA3 /* MainModelType.swift */; };
		138A907027454A6500424EA3 /* SettingsModelType.swift in Sources */ = {isa = PBXBuildFile; fileRef = 138A906F27454A6500424EA3 /* SettingsModelType.swift */; };
		138E032727438CFA004D4FA8 /* MainNavigationViewController.swift in Sources */ = {isa = PBXBuildFile; fileRef = 138E032627438CFA004D4FA8 /* MainNavigationViewController.swift */; };
		138E033527439E36004D4FA8 /* SettingViewModel.swift in Sources */ = {isa = PBXBuildFile; fileRef = 138E033227439E36004D4FA8 /* SettingViewModel.swift */; };
		138E033627439E36004D4FA8 /* MainViewModel.swift in Sources */ = {isa = PBXBuildFile; fileRef = 138E033327439E36004D4FA8 /* MainViewModel.swift */; };
		139640D5271EFEB30088FCD7 /* StorageManager.swift in Sources */ = {isa = PBXBuildFile; fileRef = 139640D4271EFEB30088FCD7 /* StorageManager.swift */; };
		13A9A220271B0E8900133716 /* CustomTableViewCell.swift in Sources */ = {isa = PBXBuildFile; fileRef = 13A9A21F271B0E8900133716 /* CustomTableViewCell.swift */; };
		13A9A222271B138F00133716 /* AnswerModel.swift in Sources */ = {isa = PBXBuildFile; fileRef = 13A9A221271B138F00133716 /* AnswerModel.swift */; };
		13AB3ABF274BAEF7004F0796 /* SecureStorageService.swift in Sources */ = {isa = PBXBuildFile; fileRef = 13AB3ABE274BAEF7004F0796 /* SecureStorageService.swift */; };
		13AB3AC1274BB4C2004F0796 /* SecureStorageServiceType.swift in Sources */ = {isa = PBXBuildFile; fileRef = 13AB3AC0274BB4C2004F0796 /* SecureStorageServiceType.swift */; };
		13B1C03B2750EFE000439669 /* Answers.xcdatamodeld in Sources */ = {isa = PBXBuildFile; fileRef = 13B1C0392750EFE000439669 /* Answers.xcdatamodeld */; };
		13B1C03D2750F08000439669 /* CoreDataManager.swift in Sources */ = {isa = PBXBuildFile; fileRef = 13B1C03C2750F08000439669 /* CoreDataManager.swift */; };
		BCE777B9C71D53D79D6BE9B6 /* Pods_MagicEightBall.framework in Frameworks */ = {isa = PBXBuildFile; fileRef = 3B3415F0C809DAC4EE5489D0 /* Pods_MagicEightBall.framework */; };
/* End PBXBuildFile section */

/* Begin PBXFileReference section */
		132F50AF273EACF000B24FDC /* Base */ = {isa = PBXFileReference; lastKnownFileType = text.plist.strings; name = Base; path = Base.lproj/myStrings.strings; sourceTree = "<group>"; };
		136752F327144FD800ADC62C /* MagicEightBall.app */ = {isa = PBXFileReference; explicitFileType = wrapper.application; includeInIndex = 0; path = MagicEightBall.app; sourceTree = BUILT_PRODUCTS_DIR; };
		136752F627144FD800ADC62C /* AppDelegate.swift */ = {isa = PBXFileReference; lastKnownFileType = sourcecode.swift; path = AppDelegate.swift; sourceTree = "<group>"; };
		136752FA27144FD800ADC62C /* MainViewController.swift */ = {isa = PBXFileReference; lastKnownFileType = sourcecode.swift; path = MainViewController.swift; sourceTree = "<group>"; };
		136752FF27144FDE00ADC62C /* Assets.xcassets */ = {isa = PBXFileReference; lastKnownFileType = folder.assetcatalog; path = Assets.xcassets; sourceTree = "<group>"; };
		1367530227144FDE00ADC62C /* Base */ = {isa = PBXFileReference; lastKnownFileType = file.storyboard; name = Base; path = Base.lproj/LaunchScreen.storyboard; sourceTree = "<group>"; };
		1367530427144FDE00ADC62C /* Info.plist */ = {isa = PBXFileReference; lastKnownFileType = text.plist.xml; path = Info.plist; sourceTree = "<group>"; };
		1372443C27180CA8007A08E9 /* SettingsViewController.swift */ = {isa = PBXFileReference; lastKnownFileType = sourcecode.swift; path = SettingsViewController.swift; sourceTree = "<group>"; };
		1372443F27182402007A08E9 /* NetworkManager.swift */ = {isa = PBXFileReference; lastKnownFileType = sourcecode.swift; path = NetworkManager.swift; sourceTree = "<group>"; };
		1372444127182838007A08E9 /* DecodedData.swift */ = {isa = PBXFileReference; lastKnownFileType = sourcecode.swift; path = DecodedData.swift; sourceTree = "<group>"; };
		13894E64273EB067000EA2C5 /* MagicEightBall.xcworkspace */ = {isa = PBXFileReference; lastKnownFileType = wrapper.workspace; path = MagicEightBall.xcworkspace; sourceTree = SOURCE_ROOT; };
		13894E65273EB067000EA2C5 /* Strings.swift */ = {isa = PBXFileReference; fileEncoding = 4; lastKnownFileType = sourcecode.swift; path = Strings.swift; sourceTree = "<group>"; };
		13894E66273EB067000EA2C5 /* Assets.swift */ = {isa = PBXFileReference; fileEncoding = 4; lastKnownFileType = sourcecode.swift; path = Assets.swift; sourceTree = "<group>"; };
		13894E6F273FEDC5000EA2C5 /* CustomViewForMainVC.swift */ = {isa = PBXFileReference; lastKnownFileType = sourcecode.swift; path = CustomViewForMainVC.swift; sourceTree = "<group>"; };
		138A905D27452DCF00424EA3 /* MainModel.swift */ = {isa = PBXFileReference; lastKnownFileType = sourcecode.swift; path = MainModel.swift; sourceTree = "<group>"; };
		138A905F27452E2700424EA3 /* SettingsModel.swift */ = {isa = PBXFileReference; lastKnownFileType = sourcecode.swift; path = SettingsModel.swift; sourceTree = "<group>"; };
		138A90632745301C00424EA3 /* MainViewModelType.swift */ = {isa = PBXFileReference; fileEncoding = 4; lastKnownFileType = sourcecode.swift; path = MainViewModelType.swift; sourceTree = "<group>"; };
		138A90642745301C00424EA3 /* StorageServiceProtocol.swift */ = {isa = PBXFileReference; fileEncoding = 4; lastKnownFileType = sourcecode.swift; path = StorageServiceProtocol.swift; sourceTree = "<group>"; };
		138A90652745301C00424EA3 /* NetworkServiceType.swift */ = {isa = PBXFileReference; fileEncoding = 4; lastKnownFileType = sourcecode.swift; path = NetworkServiceType.swift; sourceTree = "<group>"; };
		138A90662745301C00424EA3 /* SettingsViewModelType.swift */ = {isa = PBXFileReference; fileEncoding = 4; lastKnownFileType = sourcecode.swift; path = SettingsViewModelType.swift; sourceTree = "<group>"; };
		138A90672745301C00424EA3 /* GetAnswerFromDBProtocol.swift */ = {isa = PBXFileReference; fileEncoding = 4; lastKnownFileType = sourcecode.swift; path = GetAnswerFromDBProtocol.swift; sourceTree = "<group>"; };
		138A906D274533F200424EA3 /* MainModelType.swift */ = {isa = PBXFileReference; lastKnownFileType = sourcecode.swift; path = MainModelType.swift; sourceTree = "<group>"; };
		138A906F27454A6500424EA3 /* SettingsModelType.swift */ = {isa = PBXFileReference; lastKnownFileType = sourcecode.swift; path = SettingsModelType.swift; sourceTree = "<group>"; };
		138E032627438CFA004D4FA8 /* MainNavigationViewController.swift */ = {isa = PBXFileReference; lastKnownFileType = sourcecode.swift; path = MainNavigationViewController.swift; sourceTree = "<group>"; };
		138E033227439E36004D4FA8 /* SettingViewModel.swift */ = {isa = PBXFileReference; fileEncoding = 4; lastKnownFileType = sourcecode.swift; path = SettingViewModel.swift; sourceTree = "<group>"; };
		138E033327439E36004D4FA8 /* MainViewModel.swift */ = {isa = PBXFileReference; fileEncoding = 4; lastKnownFileType = sourcecode.swift; path = MainViewModel.swift; sourceTree = "<group>"; };
		139640D4271EFEB30088FCD7 /* StorageManager.swift */ = {isa = PBXFileReference; lastKnownFileType = sourcecode.swift; path = StorageManager.swift; sourceTree = "<group>"; };
		13A9A21F271B0E8900133716 /* CustomTableViewCell.swift */ = {isa = PBXFileReference; lastKnownFileType = sourcecode.swift; path = CustomTableViewCell.swift; sourceTree = "<group>"; };
		13A9A221271B138F00133716 /* AnswerModel.swift */ = {isa = PBXFileReference; lastKnownFileType = sourcecode.swift; path = AnswerModel.swift; sourceTree = "<group>"; };
		13AB3ABE274BAEF7004F0796 /* SecureStorageService.swift */ = {isa = PBXFileReference; lastKnownFileType = sourcecode.swift; path = SecureStorageService.swift; sourceTree = "<group>"; };
		13AB3AC0274BB4C2004F0796 /* SecureStorageServiceType.swift */ = {isa = PBXFileReference; lastKnownFileType = sourcecode.swift; path = SecureStorageServiceType.swift; sourceTree = "<group>"; };
		13B1C03A2750EFE000439669 /* Answers.xcdatamodel */ = {isa = PBXFileReference; lastKnownFileType = wrapper.xcdatamodel; path = Answers.xcdatamodel; sourceTree = "<group>"; };
		13B1C03C2750F08000439669 /* CoreDataManager.swift */ = {isa = PBXFileReference; lastKnownFileType = sourcecode.swift; path = CoreDataManager.swift; sourceTree = "<group>"; };
		2BB3D003DDC0401FBCBD13D6 /* Pods-MagicEightBall.release.xcconfig */ = {isa = PBXFileReference; includeInIndex = 1; lastKnownFileType = text.xcconfig; name = "Pods-MagicEightBall.release.xcconfig"; path = "Target Support Files/Pods-MagicEightBall/Pods-MagicEightBall.release.xcconfig"; sourceTree = "<group>"; };
		3B3415F0C809DAC4EE5489D0 /* Pods_MagicEightBall.framework */ = {isa = PBXFileReference; explicitFileType = wrapper.framework; includeInIndex = 0; path = Pods_MagicEightBall.framework; sourceTree = BUILT_PRODUCTS_DIR; };
		3CA7053E74B1551A335EB8DE /* Pods-MagicEightBall.debug.xcconfig */ = {isa = PBXFileReference; includeInIndex = 1; lastKnownFileType = text.xcconfig; name = "Pods-MagicEightBall.debug.xcconfig"; path = "Target Support Files/Pods-MagicEightBall/Pods-MagicEightBall.debug.xcconfig"; sourceTree = "<group>"; };
/* End PBXFileReference section */

/* Begin PBXFrameworksBuildPhase section */
		136752F027144FD800ADC62C /* Frameworks */ = {
			isa = PBXFrameworksBuildPhase;
			buildActionMask = 2147483647;
			files = (
				BCE777B9C71D53D79D6BE9B6 /* Pods_MagicEightBall.framework in Frameworks */,
			);
			runOnlyForDeploymentPostprocessing = 0;
		};
/* End PBXFrameworksBuildPhase section */

/* Begin PBXGroup section */
		132F50B1273EAEC300B24FDC /* SwiftGen */ = {
			isa = PBXGroup;
			children = (
				13894E66273EB067000EA2C5 /* Assets.swift */,
				13894E65273EB067000EA2C5 /* Strings.swift */,
			);
			path = SwiftGen;
			sourceTree = "<group>";
		};
		136752EA27144FD800ADC62C = {
			isa = PBXGroup;
			children = (
				13894E64273EB067000EA2C5 /* MagicEightBall.xcworkspace */,
				136752F527144FD800ADC62C /* MagicEightBall */,
				136752F427144FD800ADC62C /* Products */,
				A1807200BEC6291524EF9275 /* Pods */,
				1720584EF2E15C4D6F3EEE66 /* Frameworks */,
			);
			sourceTree = "<group>";
		};
		136752F427144FD800ADC62C /* Products */ = {
			isa = PBXGroup;
			children = (
				136752F327144FD800ADC62C /* MagicEightBall.app */,
			);
			name = Products;
			sourceTree = "<group>";
		};
		136752F527144FD800ADC62C /* MagicEightBall */ = {
			isa = PBXGroup;
			children = (
				138A905A27452D2800424EA3 /* Flows */,
				1372443A27180B2C007A08E9 /* Views */,
				1372443927180B17007A08E9 /* Resources */,
				138A90622745301C00424EA3 /* Protocols */,
			);
			path = MagicEightBall;
			sourceTree = "<group>";
		};
		1372443927180B17007A08E9 /* Resources */ = {
			isa = PBXGroup;
			children = (
				132F50AE273EACF000B24FDC /* myStrings.strings */,
				132F50B1273EAEC300B24FDC /* SwiftGen */,
				136752F627144FD800ADC62C /* AppDelegate.swift */,
				1367530427144FDE00ADC62C /* Info.plist */,
				136752FF27144FDE00ADC62C /* Assets.xcassets */,
			);
			path = Resources;
			sourceTree = "<group>";
		};
		1372443A27180B2C007A08E9 /* Views */ = {
			isa = PBXGroup;
			children = (
				13A9A21F271B0E8900133716 /* CustomTableViewCell.swift */,
				138E032627438CFA004D4FA8 /* MainNavigationViewController.swift */,
				1367530127144FDE00ADC62C /* LaunchScreen.storyboard */,
				13894E6F273FEDC5000EA2C5 /* CustomViewForMainVC.swift */,
			);
			path = Views;
			sourceTree = "<group>";
		};
		138A905A27452D2800424EA3 /* Flows */ = {
			isa = PBXGroup;
			children = (
				138A906127452E4F00424EA3 /* Answer */,
				138A905B27452D7400424EA3 /* Main */,
				138A905C27452D7900424EA3 /* Settings */,
			);
			path = Flows;
			sourceTree = "<group>";
		};
		138A905B27452D7400424EA3 /* Main */ = {
			isa = PBXGroup;
			children = (
				138A905D27452DCF00424EA3 /* MainModel.swift */,
				138A906D274533F200424EA3 /* MainModelType.swift */,
				138E033327439E36004D4FA8 /* MainViewModel.swift */,
				138A90632745301C00424EA3 /* MainViewModelType.swift */,
				136752FA27144FD800ADC62C /* MainViewController.swift */,
				1372444127182838007A08E9 /* DecodedData.swift */,
				1372443F27182402007A08E9 /* NetworkManager.swift */,
				138A90652745301C00424EA3 /* NetworkServiceType.swift */,
				13AB3ABE274BAEF7004F0796 /* SecureStorageService.swift */,
				13AB3AC0274BB4C2004F0796 /* SecureStorageServiceType.swift */,
			);
			path = Main;
			sourceTree = "<group>";
		};
		138A905C27452D7900424EA3 /* Settings */ = {
			isa = PBXGroup;
			children = (
				138A905F27452E2700424EA3 /* SettingsModel.swift */,
				138A906F27454A6500424EA3 /* SettingsModelType.swift */,
				138E033227439E36004D4FA8 /* SettingViewModel.swift */,
				138A90662745301C00424EA3 /* SettingsViewModelType.swift */,
				1372443C27180CA8007A08E9 /* SettingsViewController.swift */,
				139640D4271EFEB30088FCD7 /* StorageManager.swift */,
				13B1C03C2750F08000439669 /* CoreDataManager.swift */,
				138A90642745301C00424EA3 /* StorageServiceProtocol.swift */,
				138A90672745301C00424EA3 /* GetAnswerFromDBProtocol.swift */,
				13B1C0392750EFE000439669 /* Answers.xcdatamodeld */,
			);
			path = Settings;
			sourceTree = "<group>";
		};
		138A906127452E4F00424EA3 /* Answer */ = {
			isa = PBXGroup;
			children = (
				13A9A221271B138F00133716 /* AnswerModel.swift */,
			);
			path = Answer;
			sourceTree = "<group>";
		};
		138A90622745301C00424EA3 /* Protocols */ = {
			isa = PBXGroup;
			children = (
			);
			path = Protocols;
			sourceTree = "<group>";
		};
		1720584EF2E15C4D6F3EEE66 /* Frameworks */ = {
			isa = PBXGroup;
			children = (
				3B3415F0C809DAC4EE5489D0 /* Pods_MagicEightBall.framework */,
			);
			name = Frameworks;
			sourceTree = "<group>";
		};
		A1807200BEC6291524EF9275 /* Pods */ = {
			isa = PBXGroup;
			children = (
				3CA7053E74B1551A335EB8DE /* Pods-MagicEightBall.debug.xcconfig */,
				2BB3D003DDC0401FBCBD13D6 /* Pods-MagicEightBall.release.xcconfig */,
			);
			path = Pods;
			sourceTree = "<group>";
		};
/* End PBXGroup section */

/* Begin PBXNativeTarget section */
		136752F227144FD800ADC62C /* MagicEightBall */ = {
			isa = PBXNativeTarget;
			buildConfigurationList = 1367530727144FDE00ADC62C /* Build configuration list for PBXNativeTarget "MagicEightBall" */;
			buildPhases = (
				F8454F0106D62D6525F684EE /* [CP] Check Pods Manifest.lock */,
				136752EF27144FD800ADC62C /* Sources */,
				136752F027144FD800ADC62C /* Frameworks */,
				136752F127144FD800ADC62C /* Resources */,
				699F47F71D885EE85D748718 /* [CP] Embed Pods Frameworks */,
				1377DCDE273D680D00C8D494 /* ShellScript */,
			);
			buildRules = (
			);
			dependencies = (
			);
			name = MagicEightBall;
			productName = MagicEightBall;
			productReference = 136752F327144FD800ADC62C /* MagicEightBall.app */;
			productType = "com.apple.product-type.application";
		};
/* End PBXNativeTarget section */

/* Begin PBXProject section */
		136752EB27144FD800ADC62C /* Project object */ = {
			isa = PBXProject;
			attributes = {
				LastSwiftUpdateCheck = 1250;
				LastUpgradeCheck = 1250;
				TargetAttributes = {
					136752F227144FD800ADC62C = {
						CreatedOnToolsVersion = 12.5.1;
					};
				};
			};
			buildConfigurationList = 136752EE27144FD800ADC62C /* Build configuration list for PBXProject "MagicEightBall" */;
			compatibilityVersion = "Xcode 9.3";
			developmentRegion = en;
			hasScannedForEncodings = 0;
			knownRegions = (
				en,
				Base,
			);
			mainGroup = 136752EA27144FD800ADC62C;
			productRefGroup = 136752F427144FD800ADC62C /* Products */;
			projectDirPath = "";
			projectRoot = "";
			targets = (
				136752F227144FD800ADC62C /* MagicEightBall */,
			);
		};
/* End PBXProject section */

/* Begin PBXResourcesBuildPhase section */
		136752F127144FD800ADC62C /* Resources */ = {
			isa = PBXResourcesBuildPhase;
			buildActionMask = 2147483647;
			files = (
				1367530327144FDE00ADC62C /* LaunchScreen.storyboard in Resources */,
				132F50B0273EACF000B24FDC /* myStrings.strings in Resources */,
				13894E67273EB067000EA2C5 /* MagicEightBall.xcworkspace in Resources */,
				1367530027144FDE00ADC62C /* Assets.xcassets in Resources */,
			);
			runOnlyForDeploymentPostprocessing = 0;
		};
/* End PBXResourcesBuildPhase section */

/* Begin PBXShellScriptBuildPhase section */
		1377DCDE273D680D00C8D494 /* ShellScript */ = {
			isa = PBXShellScriptBuildPhase;
			buildActionMask = 2147483647;
			files = (
			);
			inputFileListPaths = (
			);
			inputPaths = (
			);
			outputFileListPaths = (
			);
			outputPaths = (
			);
			runOnlyForDeploymentPostprocessing = 0;
			shellPath = /bin/sh;
			shellScript = "${PODS_ROOT}/SwiftLint/swiftlint\n";
		};
		699F47F71D885EE85D748718 /* [CP] Embed Pods Frameworks */ = {
			isa = PBXShellScriptBuildPhase;
			buildActionMask = 2147483647;
			files = (
			);
			inputFileListPaths = (
				"${PODS_ROOT}/Target Support Files/Pods-MagicEightBall/Pods-MagicEightBall-frameworks-${CONFIGURATION}-input-files.xcfilelist",
			);
			name = "[CP] Embed Pods Frameworks";
			outputFileListPaths = (
				"${PODS_ROOT}/Target Support Files/Pods-MagicEightBall/Pods-MagicEightBall-frameworks-${CONFIGURATION}-output-files.xcfilelist",
			);
			runOnlyForDeploymentPostprocessing = 0;
			shellPath = /bin/sh;
			shellScript = "\"${PODS_ROOT}/Target Support Files/Pods-MagicEightBall/Pods-MagicEightBall-frameworks.sh\"\n";
			showEnvVarsInLog = 0;
		};
		F8454F0106D62D6525F684EE /* [CP] Check Pods Manifest.lock */ = {
			isa = PBXShellScriptBuildPhase;
			buildActionMask = 2147483647;
			files = (
			);
			inputFileListPaths = (
			);
			inputPaths = (
				"${PODS_PODFILE_DIR_PATH}/Podfile.lock",
				"${PODS_ROOT}/Manifest.lock",
			);
			name = "[CP] Check Pods Manifest.lock";
			outputFileListPaths = (
			);
			outputPaths = (
				"$(DERIVED_FILE_DIR)/Pods-MagicEightBall-checkManifestLockResult.txt",
			);
			runOnlyForDeploymentPostprocessing = 0;
			shellPath = /bin/sh;
			shellScript = "diff \"${PODS_PODFILE_DIR_PATH}/Podfile.lock\" \"${PODS_ROOT}/Manifest.lock\" > /dev/null\nif [ $? != 0 ] ; then\n    # print error to STDERR\n    echo \"error: The sandbox is not in sync with the Podfile.lock. Run 'pod install' or update your CocoaPods installation.\" >&2\n    exit 1\nfi\n# This output is used by Xcode 'outputs' to avoid re-running this script phase.\necho \"SUCCESS\" > \"${SCRIPT_OUTPUT_FILE_0}\"\n";
			showEnvVarsInLog = 0;
		};
/* End PBXShellScriptBuildPhase section */

/* Begin PBXSourcesBuildPhase section */
		136752EF27144FD800ADC62C /* Sources */ = {
			isa = PBXSourcesBuildPhase;
			buildActionMask = 2147483647;
			files = (
				1372444227182838007A08E9 /* DecodedData.swift in Sources */,
				138E032727438CFA004D4FA8 /* MainNavigationViewController.swift in Sources */,
				13AB3AC1274BB4C2004F0796 /* SecureStorageServiceType.swift in Sources */,
				13894E69273EB067000EA2C5 /* Assets.swift in Sources */,
				13A9A220271B0E8900133716 /* CustomTableViewCell.swift in Sources */,
				138A906E274533F200424EA3 /* MainModelType.swift in Sources */,
				13B1C03D2750F08000439669 /* CoreDataManager.swift in Sources */,
				138A90682745301C00424EA3 /* MainViewModelType.swift in Sources */,
				138A906B2745301C00424EA3 /* SettingsViewModelType.swift in Sources */,
				138E033527439E36004D4FA8 /* SettingViewModel.swift in Sources */,
				13894E68273EB067000EA2C5 /* Strings.swift in Sources */,
				138A90692745301C00424EA3 /* StorageServiceProtocol.swift in Sources */,
				13B1C03B2750EFE000439669 /* Answers.xcdatamodeld in Sources */,
				138A905E27452DCF00424EA3 /* MainModel.swift in Sources */,
				13A9A222271B138F00133716 /* AnswerModel.swift in Sources */,
				136752FB27144FD800ADC62C /* MainViewController.swift in Sources */,
				138A906027452E2700424EA3 /* SettingsModel.swift in Sources */,
				136752F727144FD800ADC62C /* AppDelegate.swift in Sources */,
				1372444027182402007A08E9 /* NetworkManager.swift in Sources */,
				139640D5271EFEB30088FCD7 /* StorageManager.swift in Sources */,
				138A906A2745301C00424EA3 /* NetworkServiceType.swift in Sources */,
				13AB3ABF274BAEF7004F0796 /* SecureStorageService.swift in Sources */,
				138A906C2745301C00424EA3 /* GetAnswerFromDBProtocol.swift in Sources */,
				13894E70273FEDC5000EA2C5 /* CustomViewForMainVC.swift in Sources */,
				1372443D27180CA8007A08E9 /* SettingsViewController.swift in Sources */,
				138A907027454A6500424EA3 /* SettingsModelType.swift in Sources */,
				138E033627439E36004D4FA8 /* MainViewModel.swift in Sources */,
			);
			runOnlyForDeploymentPostprocessing = 0;
		};
/* End PBXSourcesBuildPhase section */

/* Begin PBXVariantGroup section */
		132F50AE273EACF000B24FDC /* myStrings.strings */ = {
			isa = PBXVariantGroup;
			children = (
				132F50AF273EACF000B24FDC /* Base */,
			);
			name = myStrings.strings;
			sourceTree = "<group>";
		};
		1367530127144FDE00ADC62C /* LaunchScreen.storyboard */ = {
			isa = PBXVariantGroup;
			children = (
				1367530227144FDE00ADC62C /* Base */,
			);
			name = LaunchScreen.storyboard;
			sourceTree = "<group>";
		};
/* End PBXVariantGroup section */

/* Begin XCBuildConfiguration section */
		1367530527144FDE00ADC62C /* Debug */ = {
			isa = XCBuildConfiguration;
			buildSettings = {
				ALWAYS_SEARCH_USER_PATHS = NO;
				CLANG_ANALYZER_NONNULL = YES;
				CLANG_ANALYZER_NUMBER_OBJECT_CONVERSION = YES_AGGRESSIVE;
				CLANG_CXX_LANGUAGE_STANDARD = "gnu++14";
				CLANG_CXX_LIBRARY = "libc++";
				CLANG_ENABLE_MODULES = YES;
				CLANG_ENABLE_OBJC_ARC = YES;
				CLANG_ENABLE_OBJC_WEAK = YES;
				CLANG_WARN_BLOCK_CAPTURE_AUTORELEASING = YES;
				CLANG_WARN_BOOL_CONVERSION = YES;
				CLANG_WARN_COMMA = YES;
				CLANG_WARN_CONSTANT_CONVERSION = YES;
				CLANG_WARN_DEPRECATED_OBJC_IMPLEMENTATIONS = YES;
				CLANG_WARN_DIRECT_OBJC_ISA_USAGE = YES_ERROR;
				CLANG_WARN_DOCUMENTATION_COMMENTS = YES;
				CLANG_WARN_EMPTY_BODY = YES;
				CLANG_WARN_ENUM_CONVERSION = YES;
				CLANG_WARN_INFINITE_RECURSION = YES;
				CLANG_WARN_INT_CONVERSION = YES;
				CLANG_WARN_NON_LITERAL_NULL_CONVERSION = YES;
				CLANG_WARN_OBJC_IMPLICIT_RETAIN_SELF = YES;
				CLANG_WARN_OBJC_LITERAL_CONVERSION = YES;
				CLANG_WARN_OBJC_ROOT_CLASS = YES_ERROR;
				CLANG_WARN_QUOTED_INCLUDE_IN_FRAMEWORK_HEADER = YES;
				CLANG_WARN_RANGE_LOOP_ANALYSIS = YES;
				CLANG_WARN_STRICT_PROTOTYPES = YES;
				CLANG_WARN_SUSPICIOUS_MOVE = YES;
				CLANG_WARN_UNGUARDED_AVAILABILITY = YES_AGGRESSIVE;
				CLANG_WARN_UNREACHABLE_CODE = YES;
				CLANG_WARN__DUPLICATE_METHOD_MATCH = YES;
				COPY_PHASE_STRIP = NO;
				DEBUG_INFORMATION_FORMAT = dwarf;
				ENABLE_STRICT_OBJC_MSGSEND = YES;
				ENABLE_TESTABILITY = YES;
				GCC_C_LANGUAGE_STANDARD = gnu11;
				GCC_DYNAMIC_NO_PIC = NO;
				GCC_NO_COMMON_BLOCKS = YES;
				GCC_OPTIMIZATION_LEVEL = 0;
				GCC_PREPROCESSOR_DEFINITIONS = (
					"DEBUG=1",
					"$(inherited)",
				);
				GCC_WARN_64_TO_32_BIT_CONVERSION = YES;
				GCC_WARN_ABOUT_RETURN_TYPE = YES_ERROR;
				GCC_WARN_UNDECLARED_SELECTOR = YES;
				GCC_WARN_UNINITIALIZED_AUTOS = YES_AGGRESSIVE;
				GCC_WARN_UNUSED_FUNCTION = YES;
				GCC_WARN_UNUSED_VARIABLE = YES;
				IPHONEOS_DEPLOYMENT_TARGET = 14.5;
				MTL_ENABLE_DEBUG_INFO = INCLUDE_SOURCE;
				MTL_FAST_MATH = YES;
				ONLY_ACTIVE_ARCH = YES;
				SDKROOT = iphoneos;
				SWIFT_ACTIVE_COMPILATION_CONDITIONS = DEBUG;
				SWIFT_OPTIMIZATION_LEVEL = "-Onone";
			};
			name = Debug;
		};
		1367530627144FDE00ADC62C /* Release */ = {
			isa = XCBuildConfiguration;
			buildSettings = {
				ALWAYS_SEARCH_USER_PATHS = NO;
				CLANG_ANALYZER_NONNULL = YES;
				CLANG_ANALYZER_NUMBER_OBJECT_CONVERSION = YES_AGGRESSIVE;
				CLANG_CXX_LANGUAGE_STANDARD = "gnu++14";
				CLANG_CXX_LIBRARY = "libc++";
				CLANG_ENABLE_MODULES = YES;
				CLANG_ENABLE_OBJC_ARC = YES;
				CLANG_ENABLE_OBJC_WEAK = YES;
				CLANG_WARN_BLOCK_CAPTURE_AUTORELEASING = YES;
				CLANG_WARN_BOOL_CONVERSION = YES;
				CLANG_WARN_COMMA = YES;
				CLANG_WARN_CONSTANT_CONVERSION = YES;
				CLANG_WARN_DEPRECATED_OBJC_IMPLEMENTATIONS = YES;
				CLANG_WARN_DIRECT_OBJC_ISA_USAGE = YES_ERROR;
				CLANG_WARN_DOCUMENTATION_COMMENTS = YES;
				CLANG_WARN_EMPTY_BODY = YES;
				CLANG_WARN_ENUM_CONVERSION = YES;
				CLANG_WARN_INFINITE_RECURSION = YES;
				CLANG_WARN_INT_CONVERSION = YES;
				CLANG_WARN_NON_LITERAL_NULL_CONVERSION = YES;
				CLANG_WARN_OBJC_IMPLICIT_RETAIN_SELF = YES;
				CLANG_WARN_OBJC_LITERAL_CONVERSION = YES;
				CLANG_WARN_OBJC_ROOT_CLASS = YES_ERROR;
				CLANG_WARN_QUOTED_INCLUDE_IN_FRAMEWORK_HEADER = YES;
				CLANG_WARN_RANGE_LOOP_ANALYSIS = YES;
				CLANG_WARN_STRICT_PROTOTYPES = YES;
				CLANG_WARN_SUSPICIOUS_MOVE = YES;
				CLANG_WARN_UNGUARDED_AVAILABILITY = YES_AGGRESSIVE;
				CLANG_WARN_UNREACHABLE_CODE = YES;
				CLANG_WARN__DUPLICATE_METHOD_MATCH = YES;
				COPY_PHASE_STRIP = NO;
				DEBUG_INFORMATION_FORMAT = "dwarf-with-dsym";
				ENABLE_NS_ASSERTIONS = NO;
				ENABLE_STRICT_OBJC_MSGSEND = YES;
				GCC_C_LANGUAGE_STANDARD = gnu11;
				GCC_NO_COMMON_BLOCKS = YES;
				GCC_WARN_64_TO_32_BIT_CONVERSION = YES;
				GCC_WARN_ABOUT_RETURN_TYPE = YES_ERROR;
				GCC_WARN_UNDECLARED_SELECTOR = YES;
				GCC_WARN_UNINITIALIZED_AUTOS = YES_AGGRESSIVE;
				GCC_WARN_UNUSED_FUNCTION = YES;
				GCC_WARN_UNUSED_VARIABLE = YES;
				IPHONEOS_DEPLOYMENT_TARGET = 14.5;
				MTL_ENABLE_DEBUG_INFO = NO;
				MTL_FAST_MATH = YES;
				SDKROOT = iphoneos;
				SWIFT_COMPILATION_MODE = wholemodule;
				SWIFT_OPTIMIZATION_LEVEL = "-O";
				VALIDATE_PRODUCT = YES;
			};
			name = Release;
		};
		1367530827144FDE00ADC62C /* Debug */ = {
			isa = XCBuildConfiguration;
			baseConfigurationReference = 3CA7053E74B1551A335EB8DE /* Pods-MagicEightBall.debug.xcconfig */;
			buildSettings = {
				ASSETCATALOG_COMPILER_APPICON_NAME = AppIcon;
				ASSETCATALOG_COMPILER_GLOBAL_ACCENT_COLOR_NAME = AccentColor;
				CODE_SIGN_STYLE = Automatic;
				INFOPLIST_FILE = MagicEightBall/Resources/Info.plist;
				LD_RUNPATH_SEARCH_PATHS = (
					"$(inherited)",
					"@executable_path/Frameworks",
				);
				PRODUCT_BUNDLE_IDENTIFIER = twenytoo.MagicEightBall;
				PRODUCT_NAME = "$(TARGET_NAME)";
				SWIFT_VERSION = 5.0;
				TARGETED_DEVICE_FAMILY = "1,2";
			};
			name = Debug;
		};
		1367530927144FDE00ADC62C /* Release */ = {
			isa = XCBuildConfiguration;
			baseConfigurationReference = 2BB3D003DDC0401FBCBD13D6 /* Pods-MagicEightBall.release.xcconfig */;
			buildSettings = {
				ASSETCATALOG_COMPILER_APPICON_NAME = AppIcon;
				ASSETCATALOG_COMPILER_GLOBAL_ACCENT_COLOR_NAME = AccentColor;
				CODE_SIGN_STYLE = Automatic;
				INFOPLIST_FILE = MagicEightBall/Resources/Info.plist;
				LD_RUNPATH_SEARCH_PATHS = (
					"$(inherited)",
					"@executable_path/Frameworks",
				);
				PRODUCT_BUNDLE_IDENTIFIER = twenytoo.MagicEightBall;
				PRODUCT_NAME = "$(TARGET_NAME)";
				SWIFT_VERSION = 5.0;
				TARGETED_DEVICE_FAMILY = "1,2";
			};
			name = Release;
		};
/* End XCBuildConfiguration section */

/* Begin XCConfigurationList section */
		136752EE27144FD800ADC62C /* Build configuration list for PBXProject "MagicEightBall" */ = {
			isa = XCConfigurationList;
			buildConfigurations = (
				1367530527144FDE00ADC62C /* Debug */,
				1367530627144FDE00ADC62C /* Release */,
			);
			defaultConfigurationIsVisible = 0;
			defaultConfigurationName = Release;
		};
		1367530727144FDE00ADC62C /* Build configuration list for PBXNativeTarget "MagicEightBall" */ = {
			isa = XCConfigurationList;
			buildConfigurations = (
				1367530827144FDE00ADC62C /* Debug */,
				1367530927144FDE00ADC62C /* Release */,
			);
			defaultConfigurationIsVisible = 0;
			defaultConfigurationName = Release;
		};
/* End XCConfigurationList section */

/* Begin XCVersionGroup section */
		13B1C0392750EFE000439669 /* Answers.xcdatamodeld */ = {
			isa = XCVersionGroup;
			children = (
				13B1C03A2750EFE000439669 /* Answers.xcdatamodel */,
			);
			currentVersion = 13B1C03A2750EFE000439669 /* Answers.xcdatamodel */;
			path = Answers.xcdatamodeld;
			sourceTree = "<group>";
			versionGroupType = wrapper.xcdatamodel;
		};
/* End XCVersionGroup section */
	};
	rootObject = 136752EB27144FD800ADC62C /* Project object */;
}
